
Microsoft Visual Studio Solution File, Format Version 12.00
# Visual Studio Version 16
VisualStudioVersion = 16.0.29911.84
MinimumVisualStudioVersion = 10.0.40219.1
Project("{9A19103F-16F7-4668-BE54-9A1E7A4F7556}") = "Hierarchical Agglomerative Clustering", "Hierarchical Agglomerative Clustering\Hierarchical Agglomerative Clustering.csproj", "{3FEE073E-981E-4E41-82A1-96610889F39A}"
EndProject
Project("{FAE04EC0-301F-11D3-BF4B-00C04F79EFBC}") = "Hierarchical Agglomerative Clustering Tests", "Hierarchical Agglomerative Clustering Tests\Hierarchical Agglomerative Clustering Tests.csproj", "{DE5EA429-6FB5-447B-969F-6426984AA65F}"
EndProject
Global
	GlobalSection(SolutionConfigurationPlatforms) = preSolution
		Debug|Any CPU = Debug|Any CPU
		Release|Any CPU = Release|Any CPU
	EndGlobalSection
	GlobalSection(ProjectConfigurationPlatforms) = postSolution
		{3FEE073E-981E-4E41-82A1-96610889F39A}.Debug|Any CPU.ActiveCfg = Debug|Any CPU
		{3FEE073E-981E-4E41-82A1-96610889F39A}.Debug|Any CPU.Build.0 = Debug|Any CPU
		{3FEE073E-981E-4E41-82A1-96610889F39A}.Release|Any CPU.ActiveCfg = Release|Any CPU
		{3FEE073E-981E-4E41-82A1-96610889F39A}.Release|Any CPU.Build.0 = Release|Any CPU
		{DE5EA429-6FB5-447B-969F-6426984AA65F}.Debug|Any CPU.ActiveCfg = Debug|Any CPU
		{DE5EA429-6FB5-447B-969F-6426984AA65F}.Debug|Any CPU.Build.0 = Debug|Any CPU
		{DE5EA429-6FB5-447B-969F-6426984AA65F}.Release|Any CPU.ActiveCfg = Release|Any CPU
		{DE5EA429-6FB5-447B-969F-6426984AA65F}.Release|Any CPU.Build.0 = Release|Any CPU
	EndGlobalSection
	GlobalSection(SolutionProperties) = preSolution
		HideSolutionNode = FALSE
	EndGlobalSection
	GlobalSection(ExtensibilityGlobals) = postSolution
		SolutionGuid = {7CE7B423-B29E-4842-9663-BBCF38457BDB}
	EndGlobalSection
EndGlobal
